
Microsoft Visual Studio Solution File, Format Version 12.00
# Visual Studio Version 17
VisualStudioVersion = 17.1.32210.238
MinimumVisualStudioVersion = 10.0.40219.1
Project("{FAE04EC0-301F-11D3-BF4B-00C04F79EFBC}") = "ContactsAPI", "ContactsAPI\ContactsAPI.csproj", "{8D9C35C6-126E-42B0-8EF3-FDFB0FE6EAE6}"
EndProject
Global
	GlobalSection(SolutionConfigurationPlatforms) = preSolution
		Debug|Any CPU = Debug|Any CPU
		Release|Any CPU = Release|Any CPU
	EndGlobalSection
	GlobalSection(ProjectConfigurationPlatforms) = postSolution
		{8D9C35C6-126E-42B0-8EF3-FDFB0FE6EAE6}.Debug|Any CPU.ActiveCfg = Debug|Any CPU
		{8D9C35C6-126E-42B0-8EF3-FDFB0FE6EAE6}.Debug|Any CPU.Build.0 = Debug|Any CPU
		{8D9C35C6-126E-42B0-8EF3-FDFB0FE6EAE6}.Release|Any CPU.ActiveCfg = Release|Any CPU
		{8D9C35C6-126E-42B0-8EF3-FDFB0FE6EAE6}.Release|Any CPU.Build.0 = Release|Any CPU
	EndGlobalSection
	GlobalSection(SolutionProperties) = preSolution
		HideSolutionNode = FALSE
	EndGlobalSection
	GlobalSection(ExtensibilityGlobals) = postSolution
		SolutionGuid = {2A25FF6E-D8ED-469E-BEF9-5A250461ADCA}
	EndGlobalSection
EndGlobal
